# This file was autogenerated by Stack.
# You should not edit this file by hand.
# For more information, please see the documentation at:
#   https://docs.haskellstack.org/en/stable/lock_files

packages:
- completed:
    hackage: timeit-2.0@sha256:35d7c3ce64b458bbb1200320203f21281c975c85acc636a634500601c474fded,1197
    pantry-tree:
      sha256: c37c98f2173d5c1a651483b90163cdb9384a6d76b0adb7dfad58cbc9e9b7be86
      size: 259
  original:
    hackage: timeit-2.0
snapshots:
- completed:
    sha256: 3133c689625514668d1c2f8810cea779e7eb084258eba72d2e07281c48d7c656
    size: 569096
    url: https://raw.githubusercontent.com/commercialhaskell/stackage-snapshots/master/lts/10/8.yaml
  original: lts-10.8
